
Microsoft Visual Studio Solution File, Format Version 12.00
# Visual Studio Version 17
VisualStudioVersion = 17.10.35027.167
MinimumVisualStudioVersion = 10.0.40219.1
Project("{FAE04EC0-301F-11D3-BF4B-00C04F79EFBC}") = "CsharpAssignment3", "CsharpAssignment3\CsharpAssignment3.csproj", "{710A4B7C-764B-4A3D-A5C4-E277DC545868}"
EndProject
Global
	GlobalSection(SolutionConfigurationPlatforms) = preSolution
		Debug|Any CPU = Debug|Any CPU
		Release|Any CPU = Release|Any CPU
	EndGlobalSection
	GlobalSection(ProjectConfigurationPlatforms) = postSolution
		{710A4B7C-764B-4A3D-A5C4-E277DC545868}.Debug|Any CPU.ActiveCfg = Debug|Any CPU
		{710A4B7C-764B-4A3D-A5C4-E277DC545868}.Debug|Any CPU.Build.0 = Debug|Any CPU
		{710A4B7C-764B-4A3D-A5C4-E277DC545868}.Release|Any CPU.ActiveCfg = Release|Any CPU
		{710A4B7C-764B-4A3D-A5C4-E277DC545868}.Release|Any CPU.Build.0 = Release|Any CPU
	EndGlobalSection
	GlobalSection(SolutionProperties) = preSolution
		HideSolutionNode = FALSE
	EndGlobalSection
	GlobalSection(ExtensibilityGlobals) = postSolution
		SolutionGuid = {1EADAB6E-C7AB-4FD8-A34B-5504B4CDB5C0}
	EndGlobalSection
EndGlobal
